// !$*UTF8*$!
{
	archiveVersion = 1;
	classes = {
	};
	objectVersion = 50;
	objects = {

/* Begin PBXBuildFile section */
		9345AE29218EAC32003F7E17 /* AppDelegate.swift in Sources */ = {isa = PBXBuildFile; fileRef = 9345AE28218EAC32003F7E17 /* AppDelegate.swift */; };
		9345AE2E218EAC32003F7E17 /* Main.storyboard in Resources */ = {isa = PBXBuildFile; fileRef = 9345AE2C218EAC32003F7E17 /* Main.storyboard */; };
		9345AE30218EAC35003F7E17 /* Assets.xcassets in Resources */ = {isa = PBXBuildFile; fileRef = 9345AE2F218EAC35003F7E17 /* Assets.xcassets */; };
		9345AE33218EAC35003F7E17 /* LaunchScreen.storyboard in Resources */ = {isa = PBXBuildFile; fileRef = 9345AE31218EAC35003F7E17 /* LaunchScreen.storyboard */; };
		9345AE3C218EAFF6003F7E17 /* NotebookListViewController.swift in Sources */ = {isa = PBXBuildFile; fileRef = 9345AE3B218EAFF6003F7E17 /* NotebookListViewController.swift */; };
		9345AE3E218EC625003F7E17 /* NotebookViewCell.swift in Sources */ = {isa = PBXBuildFile; fileRef = 9345AE3D218EC625003F7E17 /* NotebookViewCell.swift */; };
		9345AE41218EC7B0003F7E17 /* deprecated_Notebook.swift in Sources */ = {isa = PBXBuildFile; fileRef = 9345AE40218EC7B0003F7E17 /* deprecated_Notebook.swift */; };
		9345AE43218ED0F6003F7E17 /* deprecated_Note.swift in Sources */ = {isa = PBXBuildFile; fileRef = 9345AE42218ED0F6003F7E17 /* deprecated_Note.swift */; };
		9345AE47218ED217003F7E17 /* NoteListViewController.swift in Sources */ = {isa = PBXBuildFile; fileRef = 9345AE46218ED217003F7E17 /* NoteListViewController.swift */; };
		935B5753218EE3B0005557F7 /* NoteDetailViewController.swift in Sources */ = {isa = PBXBuildFile; fileRef = 935B5751218EE3B0005557F7 /* NoteDetailViewController.swift */; };
		935B5754218EE3B0005557F7 /* NoteDetailViewController.xib in Resources */ = {isa = PBXBuildFile; fileRef = 935B5752218EE3B0005557F7 /* NoteDetailViewController.xib */; };
		935B5759218F683A005557F7 /* Date+Utils.swift in Sources */ = {isa = PBXBuildFile; fileRef = 935B5758218F683A005557F7 /* Date+Utils.swift */; };
		935B575B218F78D5005557F7 /* CoreDataStack.swift in Sources */ = {isa = PBXBuildFile; fileRef = 935B575A218F78D5005557F7 /* CoreDataStack.swift */; };
		935B575E218F7EC9005557F7 /* Everpobre.xcdatamodeld in Sources */ = {isa = PBXBuildFile; fileRef = 935B575C218F7EC9005557F7 /* Everpobre.xcdatamodeld */; };
/* End PBXBuildFile section */

/* Begin PBXFileReference section */
		9345AE25218EAC32003F7E17 /* Everpobre.app */ = {isa = PBXFileReference; explicitFileType = wrapper.application; includeInIndex = 0; path = Everpobre.app; sourceTree = BUILT_PRODUCTS_DIR; };
		9345AE28218EAC32003F7E17 /* AppDelegate.swift */ = {isa = PBXFileReference; lastKnownFileType = sourcecode.swift; path = AppDelegate.swift; sourceTree = "<group>"; };
		9345AE2D218EAC32003F7E17 /* Base */ = {isa = PBXFileReference; lastKnownFileType = file.storyboard; name = Base; path = Base.lproj/Main.storyboard; sourceTree = "<group>"; };
		9345AE2F218EAC35003F7E17 /* Assets.xcassets */ = {isa = PBXFileReference; lastKnownFileType = folder.assetcatalog; path = Assets.xcassets; sourceTree = "<group>"; };
		9345AE32218EAC35003F7E17 /* Base */ = {isa = PBXFileReference; lastKnownFileType = file.storyboard; name = Base; path = Base.lproj/LaunchScreen.storyboard; sourceTree = "<group>"; };
		9345AE34218EAC35003F7E17 /* Info.plist */ = {isa = PBXFileReference; lastKnownFileType = text.plist.xml; path = Info.plist; sourceTree = "<group>"; };
		9345AE3B218EAFF6003F7E17 /* NotebookListViewController.swift */ = {isa = PBXFileReference; lastKnownFileType = sourcecode.swift; path = NotebookListViewController.swift; sourceTree = "<group>"; };
		9345AE3D218EC625003F7E17 /* NotebookViewCell.swift */ = {isa = PBXFileReference; lastKnownFileType = sourcecode.swift; path = NotebookViewCell.swift; sourceTree = "<group>"; };
		9345AE40218EC7B0003F7E17 /* deprecated_Notebook.swift */ = {isa = PBXFileReference; lastKnownFileType = sourcecode.swift; path = deprecated_Notebook.swift; sourceTree = "<group>"; };
		9345AE42218ED0F6003F7E17 /* deprecated_Note.swift */ = {isa = PBXFileReference; lastKnownFileType = sourcecode.swift; path = deprecated_Note.swift; sourceTree = "<group>"; };
		9345AE46218ED217003F7E17 /* NoteListViewController.swift */ = {isa = PBXFileReference; lastKnownFileType = sourcecode.swift; path = NoteListViewController.swift; sourceTree = "<group>"; };
		935B5751218EE3B0005557F7 /* NoteDetailViewController.swift */ = {isa = PBXFileReference; lastKnownFileType = sourcecode.swift; path = NoteDetailViewController.swift; sourceTree = "<group>"; };
		935B5752218EE3B0005557F7 /* NoteDetailViewController.xib */ = {isa = PBXFileReference; lastKnownFileType = file.xib; path = NoteDetailViewController.xib; sourceTree = "<group>"; };
		935B5758218F683A005557F7 /* Date+Utils.swift */ = {isa = PBXFileReference; lastKnownFileType = sourcecode.swift; path = "Date+Utils.swift"; sourceTree = "<group>"; };
		935B575A218F78D5005557F7 /* CoreDataStack.swift */ = {isa = PBXFileReference; lastKnownFileType = sourcecode.swift; path = CoreDataStack.swift; sourceTree = "<group>"; };
		935B575D218F7EC9005557F7 /* Everpobre.xcdatamodel */ = {isa = PBXFileReference; lastKnownFileType = wrapper.xcdatamodel; path = Everpobre.xcdatamodel; sourceTree = "<group>"; };
/* End PBXFileReference section */

/* Begin PBXFrameworksBuildPhase section */
		9345AE22218EAC32003F7E17 /* Frameworks */ = {
			isa = PBXFrameworksBuildPhase;
			buildActionMask = 2147483647;
			files = (
			);
			runOnlyForDeploymentPostprocessing = 0;
		};
/* End PBXFrameworksBuildPhase section */

/* Begin PBXGroup section */
		9345AE1C218EAC32003F7E17 = {
			isa = PBXGroup;
			children = (
				9345AE27218EAC32003F7E17 /* Everpobre */,
				9345AE26218EAC32003F7E17 /* Products */,
			);
			sourceTree = "<group>";
		};
		9345AE26218EAC32003F7E17 /* Products */ = {
			isa = PBXGroup;
			children = (
				9345AE25218EAC32003F7E17 /* Everpobre.app */,
			);
			name = Products;
			sourceTree = "<group>";
		};
		9345AE27218EAC32003F7E17 /* Everpobre */ = {
			isa = PBXGroup;
			children = (
				935B5757218F681D005557F7 /* Utils */,
				9345AE3F218EC7A3003F7E17 /* Model */,
				9345AE3A218EAF33003F7E17 /* NotebookList */,
				9345AE45218ED1E7003F7E17 /* NoteList */,
				935B574E218EE2F5005557F7 /* NoteDetail */,
				9345AE28218EAC32003F7E17 /* AppDelegate.swift */,
				9345AE2C218EAC32003F7E17 /* Main.storyboard */,
				9345AE2F218EAC35003F7E17 /* Assets.xcassets */,
				9345AE31218EAC35003F7E17 /* LaunchScreen.storyboard */,
				9345AE34218EAC35003F7E17 /* Info.plist */,
				935B575C218F7EC9005557F7 /* Everpobre.xcdatamodeld */,
			);
			path = Everpobre;
			sourceTree = "<group>";
		};
		9345AE3A218EAF33003F7E17 /* NotebookList */ = {
			isa = PBXGroup;
			children = (
				9345AE3B218EAFF6003F7E17 /* NotebookListViewController.swift */,
				9345AE3D218EC625003F7E17 /* NotebookViewCell.swift */,
			);
			path = NotebookList;
			sourceTree = "<group>";
		};
		9345AE3F218EC7A3003F7E17 /* Model */ = {
			isa = PBXGroup;
			children = (
				9345AE40218EC7B0003F7E17 /* deprecated_Notebook.swift */,
				9345AE42218ED0F6003F7E17 /* deprecated_Note.swift */,
			);
			path = Model;
			sourceTree = "<group>";
		};
		9345AE45218ED1E7003F7E17 /* NoteList */ = {
			isa = PBXGroup;
			children = (
				9345AE46218ED217003F7E17 /* NoteListViewController.swift */,
			);
			path = NoteList;
			sourceTree = "<group>";
		};
		935B574E218EE2F5005557F7 /* NoteDetail */ = {
			isa = PBXGroup;
			children = (
				935B5751218EE3B0005557F7 /* NoteDetailViewController.swift */,
				935B5752218EE3B0005557F7 /* NoteDetailViewController.xib */,
			);
			path = NoteDetail;
			sourceTree = "<group>";
		};
		935B5757218F681D005557F7 /* Utils */ = {
			isa = PBXGroup;
			children = (
				935B5758218F683A005557F7 /* Date+Utils.swift */,
				935B575A218F78D5005557F7 /* CoreDataStack.swift */,
			);
			path = Utils;
			sourceTree = "<group>";
		};
/* End PBXGroup section */

/* Begin PBXNativeTarget section */
		9345AE24218EAC32003F7E17 /* Everpobre */ = {
			isa = PBXNativeTarget;
			buildConfigurationList = 9345AE37218EAC35003F7E17 /* Build configuration list for PBXNativeTarget "Everpobre" */;
			buildPhases = (
				9345AE21218EAC32003F7E17 /* Sources */,
				9345AE22218EAC32003F7E17 /* Frameworks */,
				9345AE23218EAC32003F7E17 /* Resources */,
			);
			buildRules = (
			);
			dependencies = (
			);
			name = Everpobre;
			productName = Everpobre;
			productReference = 9345AE25218EAC32003F7E17 /* Everpobre.app */;
			productType = "com.apple.product-type.application";
		};
/* End PBXNativeTarget section */

/* Begin PBXProject section */
		9345AE1D218EAC32003F7E17 /* Project object */ = {
			isa = PBXProject;
			attributes = {
				LastSwiftUpdateCheck = 1000;
				LastUpgradeCheck = 1000;
				ORGANIZATIONNAME = "Luis Herrera Lillo";
				TargetAttributes = {
					9345AE24218EAC32003F7E17 = {
						CreatedOnToolsVersion = 10.0;
					};
				};
			};
			buildConfigurationList = 9345AE20218EAC32003F7E17 /* Build configuration list for PBXProject "Everpobre" */;
			compatibilityVersion = "Xcode 9.3";
			developmentRegion = en;
			hasScannedForEncodings = 0;
			knownRegions = (
				en,
				Base,
			);
			mainGroup = 9345AE1C218EAC32003F7E17;
			productRefGroup = 9345AE26218EAC32003F7E17 /* Products */;
			projectDirPath = "";
			projectRoot = "";
			targets = (
				9345AE24218EAC32003F7E17 /* Everpobre */,
			);
		};
/* End PBXProject section */

/* Begin PBXResourcesBuildPhase section */
		9345AE23218EAC32003F7E17 /* Resources */ = {
			isa = PBXResourcesBuildPhase;
			buildActionMask = 2147483647;
			files = (
				9345AE33218EAC35003F7E17 /* LaunchScreen.storyboard in Resources */,
				935B5754218EE3B0005557F7 /* NoteDetailViewController.xib in Resources */,
				9345AE30218EAC35003F7E17 /* Assets.xcassets in Resources */,
				9345AE2E218EAC32003F7E17 /* Main.storyboard in Resources */,
			);
			runOnlyForDeploymentPostprocessing = 0;
		};
/* End PBXResourcesBuildPhase section */

/* Begin PBXSourcesBuildPhase section */
		9345AE21218EAC32003F7E17 /* Sources */ = {
			isa = PBXSourcesBuildPhase;
			buildActionMask = 2147483647;
			files = (
				9345AE43218ED0F6003F7E17 /* deprecated_Note.swift in Sources */,
				935B5753218EE3B0005557F7 /* NoteDetailViewController.swift in Sources */,
				935B575E218F7EC9005557F7 /* Everpobre.xcdatamodeld in Sources */,
				9345AE3E218EC625003F7E17 /* NotebookViewCell.swift in Sources */,
				935B575B218F78D5005557F7 /* CoreDataStack.swift in Sources */,
				9345AE47218ED217003F7E17 /* NoteListViewController.swift in Sources */,
				9345AE3C218EAFF6003F7E17 /* NotebookListViewController.swift in Sources */,
				935B5759218F683A005557F7 /* Date+Utils.swift in Sources */,
				9345AE41218EC7B0003F7E17 /* deprecated_Notebook.swift in Sources */,
				9345AE29218EAC32003F7E17 /* AppDelegate.swift in Sources */,
			);
			runOnlyForDeploymentPostprocessing = 0;
		};
/* End PBXSourcesBuildPhase section */

/* Begin PBXVariantGroup section */
		9345AE2C218EAC32003F7E17 /* Main.storyboard */ = {
			isa = PBXVariantGroup;
			children = (
				9345AE2D218EAC32003F7E17 /* Base */,
			);
			name = Main.storyboard;
			sourceTree = "<group>";
		};
		9345AE31218EAC35003F7E17 /* LaunchScreen.storyboard */ = {
			isa = PBXVariantGroup;
			children = (
				9345AE32218EAC35003F7E17 /* Base */,
			);
			name = LaunchScreen.storyboard;
			sourceTree = "<group>";
		};
/* End PBXVariantGroup section */

/* Begin XCBuildConfiguration section */
		9345AE35218EAC35003F7E17 /* Debug */ = {
			isa = XCBuildConfiguration;
			buildSettings = {
				ALWAYS_SEARCH_USER_PATHS = NO;
				CLANG_ANALYZER_NONNULL = YES;
				CLANG_ANALYZER_NUMBER_OBJECT_CONVERSION = YES_AGGRESSIVE;
				CLANG_CXX_LANGUAGE_STANDARD = "gnu++14";
				CLANG_CXX_LIBRARY = "libc++";
				CLANG_ENABLE_MODULES = YES;
				CLANG_ENABLE_OBJC_ARC = YES;
				CLANG_ENABLE_OBJC_WEAK = YES;
				CLANG_WARN_BLOCK_CAPTURE_AUTORELEASING = YES;
				CLANG_WARN_BOOL_CONVERSION = YES;
				CLANG_WARN_COMMA = YES;
				CLANG_WARN_CONSTANT_CONVERSION = YES;
				CLANG_WARN_DEPRECATED_OBJC_IMPLEMENTATIONS = YES;
				CLANG_WARN_DIRECT_OBJC_ISA_USAGE = YES_ERROR;
				CLANG_WARN_DOCUMENTATION_COMMENTS = YES;
				CLANG_WARN_EMPTY_BODY = YES;
				CLANG_WARN_ENUM_CONVERSION = YES;
				CLANG_WARN_INFINITE_RECURSION = YES;
				CLANG_WARN_INT_CONVERSION = YES;
				CLANG_WARN_NON_LITERAL_NULL_CONVERSION = YES;
				CLANG_WARN_OBJC_IMPLICIT_RETAIN_SELF = YES;
				CLANG_WARN_OBJC_LITERAL_CONVERSION = YES;
				CLANG_WARN_OBJC_ROOT_CLASS = YES_ERROR;
				CLANG_WARN_RANGE_LOOP_ANALYSIS = YES;
				CLANG_WARN_STRICT_PROTOTYPES = YES;
				CLANG_WARN_SUSPICIOUS_MOVE = YES;
				CLANG_WARN_UNGUARDED_AVAILABILITY = YES_AGGRESSIVE;
				CLANG_WARN_UNREACHABLE_CODE = YES;
				CLANG_WARN__DUPLICATE_METHOD_MATCH = YES;
				CODE_SIGN_IDENTITY = "iPhone Developer";
				COPY_PHASE_STRIP = NO;
				DEBUG_INFORMATION_FORMAT = dwarf;
				ENABLE_STRICT_OBJC_MSGSEND = YES;
				ENABLE_TESTABILITY = YES;
				GCC_C_LANGUAGE_STANDARD = gnu11;
				GCC_DYNAMIC_NO_PIC = NO;
				GCC_NO_COMMON_BLOCKS = YES;
				GCC_OPTIMIZATION_LEVEL = 0;
				GCC_PREPROCESSOR_DEFINITIONS = (
					"DEBUG=1",
					"$(inherited)",
				);
				GCC_WARN_64_TO_32_BIT_CONVERSION = YES;
				GCC_WARN_ABOUT_RETURN_TYPE = YES_ERROR;
				GCC_WARN_UNDECLARED_SELECTOR = YES;
				GCC_WARN_UNINITIALIZED_AUTOS = YES_AGGRESSIVE;
				GCC_WARN_UNUSED_FUNCTION = YES;
				GCC_WARN_UNUSED_VARIABLE = YES;
				IPHONEOS_DEPLOYMENT_TARGET = 12.0;
				MTL_ENABLE_DEBUG_INFO = INCLUDE_SOURCE;
				MTL_FAST_MATH = YES;
				ONLY_ACTIVE_ARCH = YES;
				SDKROOT = iphoneos;
				SWIFT_ACTIVE_COMPILATION_CONDITIONS = DEBUG;
				SWIFT_OPTIMIZATION_LEVEL = "-Onone";
			};
			name = Debug;
		};
		9345AE36218EAC35003F7E17 /* Release */ = {
			isa = XCBuildConfiguration;
			buildSettings = {
				ALWAYS_SEARCH_USER_PATHS = NO;
				CLANG_ANALYZER_NONNULL = YES;
				CLANG_ANALYZER_NUMBER_OBJECT_CONVERSION = YES_AGGRESSIVE;
				CLANG_CXX_LANGUAGE_STANDARD = "gnu++14";
				CLANG_CXX_LIBRARY = "libc++";
				CLANG_ENABLE_MODULES = YES;
				CLANG_ENABLE_OBJC_ARC = YES;
				CLANG_ENABLE_OBJC_WEAK = YES;
				CLANG_WARN_BLOCK_CAPTURE_AUTORELEASING = YES;
				CLANG_WARN_BOOL_CONVERSION = YES;
				CLANG_WARN_COMMA = YES;
				CLANG_WARN_CONSTANT_CONVERSION = YES;
				CLANG_WARN_DEPRECATED_OBJC_IMPLEMENTATIONS = YES;
				CLANG_WARN_DIRECT_OBJC_ISA_USAGE = YES_ERROR;
				CLANG_WARN_DOCUMENTATION_COMMENTS = YES;
				CLANG_WARN_EMPTY_BODY = YES;
				CLANG_WARN_ENUM_CONVERSION = YES;
				CLANG_WARN_INFINITE_RECURSION = YES;
				CLANG_WARN_INT_CONVERSION = YES;
				CLANG_WARN_NON_LITERAL_NULL_CONVERSION = YES;
				CLANG_WARN_OBJC_IMPLICIT_RETAIN_SELF = YES;
				CLANG_WARN_OBJC_LITERAL_CONVERSION = YES;
				CLANG_WARN_OBJC_ROOT_CLASS = YES_ERROR;
				CLANG_WARN_RANGE_LOOP_ANALYSIS = YES;
				CLANG_WARN_STRICT_PROTOTYPES = YES;
				CLANG_WARN_SUSPICIOUS_MOVE = YES;
				CLANG_WARN_UNGUARDED_AVAILABILITY = YES_AGGRESSIVE;
				CLANG_WARN_UNREACHABLE_CODE = YES;
				CLANG_WARN__DUPLICATE_METHOD_MATCH = YES;
				CODE_SIGN_IDENTITY = "iPhone Developer";
				COPY_PHASE_STRIP = NO;
				DEBUG_INFORMATION_FORMAT = "dwarf-with-dsym";
				ENABLE_NS_ASSERTIONS = NO;
				ENABLE_STRICT_OBJC_MSGSEND = YES;
				GCC_C_LANGUAGE_STANDARD = gnu11;
				GCC_NO_COMMON_BLOCKS = YES;
				GCC_WARN_64_TO_32_BIT_CONVERSION = YES;
				GCC_WARN_ABOUT_RETURN_TYPE = YES_ERROR;
				GCC_WARN_UNDECLARED_SELECTOR = YES;
				GCC_WARN_UNINITIALIZED_AUTOS = YES_AGGRESSIVE;
				GCC_WARN_UNUSED_FUNCTION = YES;
				GCC_WARN_UNUSED_VARIABLE = YES;
				IPHONEOS_DEPLOYMENT_TARGET = 12.0;
				MTL_ENABLE_DEBUG_INFO = NO;
				MTL_FAST_MATH = YES;
				SDKROOT = iphoneos;
				SWIFT_COMPILATION_MODE = wholemodule;
				SWIFT_OPTIMIZATION_LEVEL = "-O";
				VALIDATE_PRODUCT = YES;
			};
			name = Release;
		};
		9345AE38218EAC35003F7E17 /* Debug */ = {
			isa = XCBuildConfiguration;
			buildSettings = {
				ASSETCATALOG_COMPILER_APPICON_NAME = AppIcon;
				CODE_SIGN_STYLE = Automatic;
				DEVELOPMENT_TEAM = XZHL7XD48E;
				INFOPLIST_FILE = Everpobre/Info.plist;
				LD_RUNPATH_SEARCH_PATHS = (
					"$(inherited)",
					"@executable_path/Frameworks",
				);
				PRODUCT_BUNDLE_IDENTIFIER = com.lhl.Everpobre;
				PRODUCT_NAME = "$(TARGET_NAME)";
				SWIFT_VERSION = 4.2;
				TARGETED_DEVICE_FAMILY = "1,2";
			};
			name = Debug;
		};
		9345AE39218EAC35003F7E17 /* Release */ = {
			isa = XCBuildConfiguration;
			buildSettings = {
				ASSETCATALOG_COMPILER_APPICON_NAME = AppIcon;
				CODE_SIGN_STYLE = Automatic;
				DEVELOPMENT_TEAM = XZHL7XD48E;
				INFOPLIST_FILE = Everpobre/Info.plist;
				LD_RUNPATH_SEARCH_PATHS = (
					"$(inherited)",
					"@executable_path/Frameworks",
				);
				PRODUCT_BUNDLE_IDENTIFIER = com.lhl.Everpobre;
				PRODUCT_NAME = "$(TARGET_NAME)";
				SWIFT_VERSION = 4.2;
				TARGETED_DEVICE_FAMILY = "1,2";
			};
			name = Release;
		};
/* End XCBuildConfiguration section */

/* Begin XCConfigurationList section */
		9345AE20218EAC32003F7E17 /* Build configuration list for PBXProject "Everpobre" */ = {
			isa = XCConfigurationList;
			buildConfigurations = (
				9345AE35218EAC35003F7E17 /* Debug */,
				9345AE36218EAC35003F7E17 /* Release */,
			);
			defaultConfigurationIsVisible = 0;
			defaultConfigurationName = Release;
		};
		9345AE37218EAC35003F7E17 /* Build configuration list for PBXNativeTarget "Everpobre" */ = {
			isa = XCConfigurationList;
			buildConfigurations = (
				9345AE38218EAC35003F7E17 /* Debug */,
				9345AE39218EAC35003F7E17 /* Release */,
			);
			defaultConfigurationIsVisible = 0;
			defaultConfigurationName = Release;
		};
/* End XCConfigurationList section */

/* Begin XCVersionGroup section */
		935B575C218F7EC9005557F7 /* Everpobre.xcdatamodeld */ = {
			isa = XCVersionGroup;
			children = (
				935B575D218F7EC9005557F7 /* Everpobre.xcdatamodel */,
			);
			currentVersion = 935B575D218F7EC9005557F7 /* Everpobre.xcdatamodel */;
			path = Everpobre.xcdatamodeld;
			sourceTree = "<group>";
			versionGroupType = wrapper.xcdatamodel;
		};
/* End XCVersionGroup section */
	};
	rootObject = 9345AE1D218EAC32003F7E17 /* Project object */;
}
